
Microsoft Visual Studio Solution File, Format Version 12.00
# Visual Studio 15
VisualStudioVersion = 15.0.28307.645
MinimumVisualStudioVersion = 10.0.40219.1
Project("{FAE04EC0-301F-11D3-BF4B-00C04F79EFBC}") = "DisplayCalculator", "DisplayCalculator\DisplayCalculator.csproj", "{E086A69E-C3CE-49BC-A9BF-C5483E42BF41}"
EndProject
Global
	GlobalSection(SolutionConfigurationPlatforms) = preSolution
		Debug|Any CPU = Debug|Any CPU
		Release|Any CPU = Release|Any CPU
	EndGlobalSection
	GlobalSection(ProjectConfigurationPlatforms) = postSolution
		{E086A69E-C3CE-49BC-A9BF-C5483E42BF41}.Debug|Any CPU.ActiveCfg = Debug|Any CPU
		{E086A69E-C3CE-49BC-A9BF-C5483E42BF41}.Debug|Any CPU.Build.0 = Debug|Any CPU
		{E086A69E-C3CE-49BC-A9BF-C5483E42BF41}.Release|Any CPU.ActiveCfg = Release|Any CPU
		{E086A69E-C3CE-49BC-A9BF-C5483E42BF41}.Release|Any CPU.Build.0 = Release|Any CPU
	EndGlobalSection
	GlobalSection(SolutionProperties) = preSolution
		HideSolutionNode = FALSE
	EndGlobalSection
	GlobalSection(ExtensibilityGlobals) = postSolution
		SolutionGuid = {EBD8355E-19B1-4B6D-B07E-FA6FD7C39179}
	EndGlobalSection
EndGlobal
